// !$*UTF8*$!
{
	archiveVersion = 1;
	classes = {
	};
	objectVersion = 50;
	objects = {

/* Begin PBXBuildFile section */
		D34FED6D24395487005E9BBE /* Assets.xcassets in Resources */ = {isa = PBXBuildFile; fileRef = D34FED6C24395487005E9BBE /* Assets.xcassets */; };
		D34FED6F24395F9B005E9BBE /* ProductTableViewCell.swift in Sources */ = {isa = PBXBuildFile; fileRef = D34FED6E24395F9B005E9BBE /* ProductTableViewCell.swift */; };
		D34FED712439677C005E9BBE /* ProductsTableViewController.swift in Sources */ = {isa = PBXBuildFile; fileRef = D34FED702439677C005E9BBE /* ProductsTableViewController.swift */; };
		D34FED732439A9C8005E9BBE /* ProductsCartTableViewController.swift in Sources */ = {isa = PBXBuildFile; fileRef = D34FED722439A9C8005E9BBE /* ProductsCartTableViewController.swift */; };
		D34FED752439A9D5005E9BBE /* ProductCartTableViewCell.swift in Sources */ = {isa = PBXBuildFile; fileRef = D34FED742439A9D5005E9BBE /* ProductCartTableViewCell.swift */; };
		D35A08122449D9D2005CC7BB /* StoreCoreDataManager.swift in Sources */ = {isa = PBXBuildFile; fileRef = D35A08112449D9D2005CC7BB /* StoreCoreDataManager.swift */; };
		D35A08142449DBB4005CC7BB /* ProductCoreDataManager.swift in Sources */ = {isa = PBXBuildFile; fileRef = D35A08132449DBB4005CC7BB /* ProductCoreDataManager.swift */; };
		D35A08162449DBC6005CC7BB /* UserCoreDataManager.swift in Sources */ = {isa = PBXBuildFile; fileRef = D35A08152449DBC6005CC7BB /* UserCoreDataManager.swift */; };
		D35A08182449DBF0005CC7BB /* CartCoreDataManager.swift in Sources */ = {isa = PBXBuildFile; fileRef = D35A08172449DBF0005CC7BB /* CartCoreDataManager.swift */; };
		D35A081A2449DDE8005CC7BB /* TransactionCoreDataManager.swift in Sources */ = {isa = PBXBuildFile; fileRef = D35A08192449DDE8005CC7BB /* TransactionCoreDataManager.swift */; };
		D37B89B0240B52EB00281998 /* MapViewController.swift in Sources */ = {isa = PBXBuildFile; fileRef = D37B89AF240B52EB00281998 /* MapViewController.swift */; };
		D37B89B2240B619C00281998 /* CameraViewController.swift in Sources */ = {isa = PBXBuildFile; fileRef = D37B89B1240B619C00281998 /* CameraViewController.swift */; };
		D37B89B7240B683B00281998 /* MapKit.framework in Frameworks */ = {isa = PBXBuildFile; fileRef = D37B89B6240B683B00281998 /* MapKit.framework */; };
		D38C1FD7244B64DC00B7A6C8 /* Reachability.swift in Sources */ = {isa = PBXBuildFile; fileRef = D38C1FD6244B64DC00B7A6C8 /* Reachability.swift */; };
		D38C1FDB244B87DE00B7A6C8 /* ProductsTableView.swift in Sources */ = {isa = PBXBuildFile; fileRef = D38C1FDA244B87DE00B7A6C8 /* ProductsTableView.swift */; };
		D38EA9422438EA68003E0EF3 /* Supermarket.xcdatamodeld in Sources */ = {isa = PBXBuildFile; fileRef = D38EA9402438EA68003E0EF3 /* Supermarket.xcdatamodeld */; };
		D38EA9442438FDB3003E0EF3 /* CoreDataManager.swift in Sources */ = {isa = PBXBuildFile; fileRef = D38EA9432438FDB3003E0EF3 /* CoreDataManager.swift */; };
		D38EA947243918B2003E0EF3 /* StartViewController.swift in Sources */ = {isa = PBXBuildFile; fileRef = D38EA946243918B2003E0EF3 /* StartViewController.swift */; };
		D3DBE3F7240B4DA800E5A29E /* AppDelegate.swift in Sources */ = {isa = PBXBuildFile; fileRef = D3DBE3F6240B4DA800E5A29E /* AppDelegate.swift */; };
		D3DBE3F9240B4DA800E5A29E /* SceneDelegate.swift in Sources */ = {isa = PBXBuildFile; fileRef = D3DBE3F8240B4DA800E5A29E /* SceneDelegate.swift */; };
		D3DBE3FB240B4DA800E5A29E /* ViewController.swift in Sources */ = {isa = PBXBuildFile; fileRef = D3DBE3FA240B4DA800E5A29E /* ViewController.swift */; };
		D3DBE3FE240B4DA800E5A29E /* Main.storyboard in Resources */ = {isa = PBXBuildFile; fileRef = D3DBE3FC240B4DA800E5A29E /* Main.storyboard */; };
		D3DBE403240B4DAD00E5A29E /* LaunchScreen.storyboard in Resources */ = {isa = PBXBuildFile; fileRef = D3DBE401240B4DAD00E5A29E /* LaunchScreen.storyboard */; };
		D3DBE40E240B4DAE00E5A29E /* SupermarketTests.swift in Sources */ = {isa = PBXBuildFile; fileRef = D3DBE40D240B4DAE00E5A29E /* SupermarketTests.swift */; };
		D3DBE419240B4DAE00E5A29E /* SupermarketUITests.swift in Sources */ = {isa = PBXBuildFile; fileRef = D3DBE418240B4DAE00E5A29E /* SupermarketUITests.swift */; };
/* End PBXBuildFile section */

/* Begin PBXContainerItemProxy section */
		D3DBE40A240B4DAE00E5A29E /* PBXContainerItemProxy */ = {
			isa = PBXContainerItemProxy;
			containerPortal = D3DBE3EB240B4DA800E5A29E /* Project object */;
			proxyType = 1;
			remoteGlobalIDString = D3DBE3F2240B4DA800E5A29E;
			remoteInfo = Supermarket;
		};
		D3DBE415240B4DAE00E5A29E /* PBXContainerItemProxy */ = {
			isa = PBXContainerItemProxy;
			containerPortal = D3DBE3EB240B4DA800E5A29E /* Project object */;
			proxyType = 1;
			remoteGlobalIDString = D3DBE3F2240B4DA800E5A29E;
			remoteInfo = Supermarket;
		};
/* End PBXContainerItemProxy section */

/* Begin PBXFileReference section */
		D34FED6C24395487005E9BBE /* Assets.xcassets */ = {isa = PBXFileReference; lastKnownFileType = folder.assetcatalog; path = Assets.xcassets; sourceTree = "<group>"; };
		D34FED6E24395F9B005E9BBE /* ProductTableViewCell.swift */ = {isa = PBXFileReference; lastKnownFileType = sourcecode.swift; path = ProductTableViewCell.swift; sourceTree = "<group>"; };
		D34FED702439677C005E9BBE /* ProductsTableViewController.swift */ = {isa = PBXFileReference; lastKnownFileType = sourcecode.swift; path = ProductsTableViewController.swift; sourceTree = "<group>"; };
		D34FED722439A9C8005E9BBE /* ProductsCartTableViewController.swift */ = {isa = PBXFileReference; fileEncoding = 4; lastKnownFileType = sourcecode.swift; path = ProductsCartTableViewController.swift; sourceTree = "<group>"; };
		D34FED742439A9D5005E9BBE /* ProductCartTableViewCell.swift */ = {isa = PBXFileReference; fileEncoding = 4; lastKnownFileType = sourcecode.swift; path = ProductCartTableViewCell.swift; sourceTree = "<group>"; };
		D35A08112449D9D2005CC7BB /* StoreCoreDataManager.swift */ = {isa = PBXFileReference; fileEncoding = 4; lastKnownFileType = sourcecode.swift; path = StoreCoreDataManager.swift; sourceTree = "<group>"; };
		D35A08132449DBB4005CC7BB /* ProductCoreDataManager.swift */ = {isa = PBXFileReference; fileEncoding = 4; lastKnownFileType = sourcecode.swift; path = ProductCoreDataManager.swift; sourceTree = "<group>"; };
		D35A08152449DBC6005CC7BB /* UserCoreDataManager.swift */ = {isa = PBXFileReference; fileEncoding = 4; lastKnownFileType = sourcecode.swift; path = UserCoreDataManager.swift; sourceTree = "<group>"; };
		D35A08172449DBF0005CC7BB /* CartCoreDataManager.swift */ = {isa = PBXFileReference; fileEncoding = 4; lastKnownFileType = sourcecode.swift; path = CartCoreDataManager.swift; sourceTree = "<group>"; };
		D35A08192449DDE8005CC7BB /* TransactionCoreDataManager.swift */ = {isa = PBXFileReference; fileEncoding = 4; lastKnownFileType = sourcecode.swift; path = TransactionCoreDataManager.swift; sourceTree = "<group>"; };
		D37B89AF240B52EB00281998 /* MapViewController.swift */ = {isa = PBXFileReference; lastKnownFileType = sourcecode.swift; path = MapViewController.swift; sourceTree = "<group>"; };
		D37B89B1240B619C00281998 /* CameraViewController.swift */ = {isa = PBXFileReference; lastKnownFileType = sourcecode.swift; path = CameraViewController.swift; sourceTree = "<group>"; };
		D37B89B6240B683B00281998 /* MapKit.framework */ = {isa = PBXFileReference; lastKnownFileType = wrapper.framework; name = MapKit.framework; path = System/Library/Frameworks/MapKit.framework; sourceTree = SDKROOT; };
		D38C1FD6244B64DC00B7A6C8 /* Reachability.swift */ = {isa = PBXFileReference; lastKnownFileType = sourcecode.swift; path = Reachability.swift; sourceTree = "<group>"; };
		D38C1FDA244B87DE00B7A6C8 /* ProductsTableView.swift */ = {isa = PBXFileReference; fileEncoding = 4; lastKnownFileType = sourcecode.swift; path = ProductsTableView.swift; sourceTree = "<group>"; };
		D38EA9412438EA68003E0EF3 /* Supermarket.xcdatamodel */ = {isa = PBXFileReference; lastKnownFileType = wrapper.xcdatamodel; path = Supermarket.xcdatamodel; sourceTree = "<group>"; };
		D38EA9432438FDB3003E0EF3 /* CoreDataManager.swift */ = {isa = PBXFileReference; lastKnownFileType = sourcecode.swift; path = CoreDataManager.swift; sourceTree = "<group>"; };
		D38EA946243918B2003E0EF3 /* StartViewController.swift */ = {isa = PBXFileReference; lastKnownFileType = sourcecode.swift; path = StartViewController.swift; sourceTree = "<group>"; };
		D3DBE3F3240B4DA800E5A29E /* Supermarket.app */ = {isa = PBXFileReference; explicitFileType = wrapper.application; includeInIndex = 0; path = Supermarket.app; sourceTree = BUILT_PRODUCTS_DIR; };
		D3DBE3F6240B4DA800E5A29E /* AppDelegate.swift */ = {isa = PBXFileReference; lastKnownFileType = sourcecode.swift; path = AppDelegate.swift; sourceTree = "<group>"; };
		D3DBE3F8240B4DA800E5A29E /* SceneDelegate.swift */ = {isa = PBXFileReference; lastKnownFileType = sourcecode.swift; path = SceneDelegate.swift; sourceTree = "<group>"; };
		D3DBE3FA240B4DA800E5A29E /* ViewController.swift */ = {isa = PBXFileReference; lastKnownFileType = sourcecode.swift; path = ViewController.swift; sourceTree = "<group>"; };
		D3DBE3FD240B4DA800E5A29E /* Base */ = {isa = PBXFileReference; lastKnownFileType = file.storyboard; name = Base; path = Base.lproj/Main.storyboard; sourceTree = "<group>"; };
		D3DBE402240B4DAD00E5A29E /* Base */ = {isa = PBXFileReference; lastKnownFileType = file.storyboard; name = Base; path = Base.lproj/LaunchScreen.storyboard; sourceTree = "<group>"; };
		D3DBE404240B4DAD00E5A29E /* Info.plist */ = {isa = PBXFileReference; lastKnownFileType = text.plist.xml; path = Info.plist; sourceTree = "<group>"; };
		D3DBE409240B4DAE00E5A29E /* SupermarketTests.xctest */ = {isa = PBXFileReference; explicitFileType = wrapper.cfbundle; includeInIndex = 0; path = SupermarketTests.xctest; sourceTree = BUILT_PRODUCTS_DIR; };
		D3DBE40D240B4DAE00E5A29E /* SupermarketTests.swift */ = {isa = PBXFileReference; lastKnownFileType = sourcecode.swift; path = SupermarketTests.swift; sourceTree = "<group>"; };
		D3DBE40F240B4DAE00E5A29E /* Info.plist */ = {isa = PBXFileReference; lastKnownFileType = text.plist.xml; path = Info.plist; sourceTree = "<group>"; };
		D3DBE414240B4DAE00E5A29E /* SupermarketUITests.xctest */ = {isa = PBXFileReference; explicitFileType = wrapper.cfbundle; includeInIndex = 0; path = SupermarketUITests.xctest; sourceTree = BUILT_PRODUCTS_DIR; };
		D3DBE418240B4DAE00E5A29E /* SupermarketUITests.swift */ = {isa = PBXFileReference; lastKnownFileType = sourcecode.swift; path = SupermarketUITests.swift; sourceTree = "<group>"; };
		D3DBE41A240B4DAE00E5A29E /* Info.plist */ = {isa = PBXFileReference; lastKnownFileType = text.plist.xml; path = Info.plist; sourceTree = "<group>"; };
/* End PBXFileReference section */

/* Begin PBXFrameworksBuildPhase section */
		D3DBE3F0240B4DA800E5A29E /* Frameworks */ = {
			isa = PBXFrameworksBuildPhase;
			buildActionMask = 2147483647;
			files = (
				D37B89B7240B683B00281998 /* MapKit.framework in Frameworks */,
			);
			runOnlyForDeploymentPostprocessing = 0;
		};
		D3DBE406240B4DAE00E5A29E /* Frameworks */ = {
			isa = PBXFrameworksBuildPhase;
			buildActionMask = 2147483647;
			files = (
			);
			runOnlyForDeploymentPostprocessing = 0;
		};
		D3DBE411240B4DAE00E5A29E /* Frameworks */ = {
			isa = PBXFrameworksBuildPhase;
			buildActionMask = 2147483647;
			files = (
			);
			runOnlyForDeploymentPostprocessing = 0;
		};
/* End PBXFrameworksBuildPhase section */

/* Begin PBXGroup section */
		D35A081C244A72A8005CC7BB /* Product */ = {
			isa = PBXGroup;
			children = (
				D34FED702439677C005E9BBE /* ProductsTableViewController.swift */,
				D38C1FDA244B87DE00B7A6C8 /* ProductsTableView.swift */,
				D34FED6E24395F9B005E9BBE /* ProductTableViewCell.swift */,
			);
			path = Product;
			sourceTree = "<group>";
		};
		D35A081E244A72EB005CC7BB /* Cart */ = {
			isa = PBXGroup;
			children = (
				D34FED722439A9C8005E9BBE /* ProductsCartTableViewController.swift */,
				D34FED742439A9D5005E9BBE /* ProductCartTableViewCell.swift */,
			);
			path = Cart;
			sourceTree = "<group>";
		};
		D35A0820244A7320005CC7BB /* Map */ = {
			isa = PBXGroup;
			children = (
				D37B89AF240B52EB00281998 /* MapViewController.swift */,
			);
			path = Map;
			sourceTree = "<group>";
		};
		D35A0821244A7332005CC7BB /* Camera */ = {
			isa = PBXGroup;
			children = (
				D37B89B1240B619C00281998 /* CameraViewController.swift */,
			);
			path = Camera;
			sourceTree = "<group>";
		};
		D35A0822244A7467005CC7BB /* Home */ = {
			isa = PBXGroup;
			children = (
				D38EA946243918B2003E0EF3 /* StartViewController.swift */,
			);
			path = Home;
			sourceTree = "<group>";
		};
		D37B89B5240B683B00281998 /* Frameworks */ = {
			isa = PBXGroup;
			children = (
				D37B89B6240B683B00281998 /* MapKit.framework */,
			);
			name = Frameworks;
			sourceTree = "<group>";
		};
		D38EA945243916A4003E0EF3 /* DataControllers */ = {
			isa = PBXGroup;
			children = (
				D38EA9402438EA68003E0EF3 /* Supermarket.xcdatamodeld */,
				D38EA9432438FDB3003E0EF3 /* CoreDataManager.swift */,
				D35A08192449DDE8005CC7BB /* TransactionCoreDataManager.swift */,
				D35A08172449DBF0005CC7BB /* CartCoreDataManager.swift */,
				D35A08152449DBC6005CC7BB /* UserCoreDataManager.swift */,
				D35A08132449DBB4005CC7BB /* ProductCoreDataManager.swift */,
				D35A08112449D9D2005CC7BB /* StoreCoreDataManager.swift */,
			);
			path = DataControllers;
			sourceTree = "<group>";
		};
		D3DBE3EA240B4DA800E5A29E = {
			isa = PBXGroup;
			children = (
				D3DBE3F5240B4DA800E5A29E /* Supermarket */,
				D3DBE40C240B4DAE00E5A29E /* SupermarketTests */,
				D3DBE417240B4DAE00E5A29E /* SupermarketUITests */,
				D3DBE3F4240B4DA800E5A29E /* Products */,
				D37B89B5240B683B00281998 /* Frameworks */,
			);
			sourceTree = "<group>";
		};
		D3DBE3F4240B4DA800E5A29E /* Products */ = {
			isa = PBXGroup;
			children = (
				D3DBE3F3240B4DA800E5A29E /* Supermarket.app */,
				D3DBE409240B4DAE00E5A29E /* SupermarketTests.xctest */,
				D3DBE414240B4DAE00E5A29E /* SupermarketUITests.xctest */,
			);
			name = Products;
			sourceTree = "<group>";
		};
		D3DBE3F5240B4DA800E5A29E /* Supermarket */ = {
			isa = PBXGroup;
			children = (
				D35A0822244A7467005CC7BB /* Home */,
				D35A0821244A7332005CC7BB /* Camera */,
				D35A0820244A7320005CC7BB /* Map */,
				D35A081E244A72EB005CC7BB /* Cart */,
				D35A081C244A72A8005CC7BB /* Product */,
				D34FED6C24395487005E9BBE /* Assets.xcassets */,
				D3DBE3F6240B4DA800E5A29E /* AppDelegate.swift */,
				D3DBE3F8240B4DA800E5A29E /* SceneDelegate.swift */,
				D3DBE3FA240B4DA800E5A29E /* ViewController.swift */,
				D3DBE3FC240B4DA800E5A29E /* Main.storyboard */,
				D3DBE401240B4DAD00E5A29E /* LaunchScreen.storyboard */,
				D3DBE404240B4DAD00E5A29E /* Info.plist */,
				D38EA945243916A4003E0EF3 /* DataControllers */,
				D38C1FD6244B64DC00B7A6C8 /* Reachability.swift */,
			);
			path = Supermarket;
			sourceTree = "<group>";
		};
		D3DBE40C240B4DAE00E5A29E /* SupermarketTests */ = {
			isa = PBXGroup;
			children = (
				D3DBE40D240B4DAE00E5A29E /* SupermarketTests.swift */,
				D3DBE40F240B4DAE00E5A29E /* Info.plist */,
			);
			path = SupermarketTests;
			sourceTree = "<group>";
		};
		D3DBE417240B4DAE00E5A29E /* SupermarketUITests */ = {
			isa = PBXGroup;
			children = (
				D3DBE418240B4DAE00E5A29E /* SupermarketUITests.swift */,
				D3DBE41A240B4DAE00E5A29E /* Info.plist */,
			);
			path = SupermarketUITests;
			sourceTree = "<group>";
		};
/* End PBXGroup section */

/* Begin PBXNativeTarget section */
		D3DBE3F2240B4DA800E5A29E /* Supermarket */ = {
			isa = PBXNativeTarget;
			buildConfigurationList = D3DBE41D240B4DAE00E5A29E /* Build configuration list for PBXNativeTarget "Supermarket" */;
			buildPhases = (
				D3DBE3EF240B4DA800E5A29E /* Sources */,
				D3DBE3F0240B4DA800E5A29E /* Frameworks */,
				D3DBE3F1240B4DA800E5A29E /* Resources */,
			);
			buildRules = (
			);
			dependencies = (
			);
			name = Supermarket;
			productName = Supermarket;
			productReference = D3DBE3F3240B4DA800E5A29E /* Supermarket.app */;
			productType = "com.apple.product-type.application";
		};
		D3DBE408240B4DAE00E5A29E /* SupermarketTests */ = {
			isa = PBXNativeTarget;
			buildConfigurationList = D3DBE420240B4DAE00E5A29E /* Build configuration list for PBXNativeTarget "SupermarketTests" */;
			buildPhases = (
				D3DBE405240B4DAE00E5A29E /* Sources */,
				D3DBE406240B4DAE00E5A29E /* Frameworks */,
				D3DBE407240B4DAE00E5A29E /* Resources */,
			);
			buildRules = (
			);
			dependencies = (
				D3DBE40B240B4DAE00E5A29E /* PBXTargetDependency */,
			);
			name = SupermarketTests;
			productName = SupermarketTests;
			productReference = D3DBE409240B4DAE00E5A29E /* SupermarketTests.xctest */;
			productType = "com.apple.product-type.bundle.unit-test";
		};
		D3DBE413240B4DAE00E5A29E /* SupermarketUITests */ = {
			isa = PBXNativeTarget;
			buildConfigurationList = D3DBE423240B4DAE00E5A29E /* Build configuration list for PBXNativeTarget "SupermarketUITests" */;
			buildPhases = (
				D3DBE410240B4DAE00E5A29E /* Sources */,
				D3DBE411240B4DAE00E5A29E /* Frameworks */,
				D3DBE412240B4DAE00E5A29E /* Resources */,
			);
			buildRules = (
			);
			dependencies = (
				D3DBE416240B4DAE00E5A29E /* PBXTargetDependency */,
			);
			name = SupermarketUITests;
			productName = SupermarketUITests;
			productReference = D3DBE414240B4DAE00E5A29E /* SupermarketUITests.xctest */;
			productType = "com.apple.product-type.bundle.ui-testing";
		};
/* End PBXNativeTarget section */

/* Begin PBXProject section */
		D3DBE3EB240B4DA800E5A29E /* Project object */ = {
			isa = PBXProject;
			attributes = {
				LastSwiftUpdateCheck = 1130;
				LastUpgradeCheck = 1130;
				ORGANIZATIONNAME = "Laura Isabella Forero Camacho";
				TargetAttributes = {
					D3DBE3F2240B4DA800E5A29E = {
						CreatedOnToolsVersion = 11.3.1;
					};
					D3DBE408240B4DAE00E5A29E = {
						CreatedOnToolsVersion = 11.3.1;
						TestTargetID = D3DBE3F2240B4DA800E5A29E;
					};
					D3DBE413240B4DAE00E5A29E = {
						CreatedOnToolsVersion = 11.3.1;
						TestTargetID = D3DBE3F2240B4DA800E5A29E;
					};
				};
			};
			buildConfigurationList = D3DBE3EE240B4DA800E5A29E /* Build configuration list for PBXProject "Supermarket" */;
			compatibilityVersion = "Xcode 9.3";
			developmentRegion = en;
			hasScannedForEncodings = 0;
			knownRegions = (
				en,
				Base,
			);
			mainGroup = D3DBE3EA240B4DA800E5A29E;
			productRefGroup = D3DBE3F4240B4DA800E5A29E /* Products */;
			projectDirPath = "";
			projectRoot = "";
			targets = (
				D3DBE3F2240B4DA800E5A29E /* Supermarket */,
				D3DBE408240B4DAE00E5A29E /* SupermarketTests */,
				D3DBE413240B4DAE00E5A29E /* SupermarketUITests */,
			);
		};
/* End PBXProject section */

/* Begin PBXResourcesBuildPhase section */
		D3DBE3F1240B4DA800E5A29E /* Resources */ = {
			isa = PBXResourcesBuildPhase;
			buildActionMask = 2147483647;
			files = (
				D3DBE403240B4DAD00E5A29E /* LaunchScreen.storyboard in Resources */,
				D34FED6D24395487005E9BBE /* Assets.xcassets in Resources */,
				D3DBE3FE240B4DA800E5A29E /* Main.storyboard in Resources */,
			);
			runOnlyForDeploymentPostprocessing = 0;
		};
		D3DBE407240B4DAE00E5A29E /* Resources */ = {
			isa = PBXResourcesBuildPhase;
			buildActionMask = 2147483647;
			files = (
			);
			runOnlyForDeploymentPostprocessing = 0;
		};
		D3DBE412240B4DAE00E5A29E /* Resources */ = {
			isa = PBXResourcesBuildPhase;
			buildActionMask = 2147483647;
			files = (
			);
			runOnlyForDeploymentPostprocessing = 0;
		};
/* End PBXResourcesBuildPhase section */

/* Begin PBXSourcesBuildPhase section */
		D3DBE3EF240B4DA800E5A29E /* Sources */ = {
			isa = PBXSourcesBuildPhase;
			buildActionMask = 2147483647;
			files = (
				D35A081A2449DDE8005CC7BB /* TransactionCoreDataManager.swift in Sources */,
				D38EA9422438EA68003E0EF3 /* Supermarket.xcdatamodeld in Sources */,
				D38C1FDB244B87DE00B7A6C8 /* ProductsTableView.swift in Sources */,
				D35A08162449DBC6005CC7BB /* UserCoreDataManager.swift in Sources */,
				D35A08182449DBF0005CC7BB /* CartCoreDataManager.swift in Sources */,
				D3DBE3FB240B4DA800E5A29E /* ViewController.swift in Sources */,
				D34FED752439A9D5005E9BBE /* ProductCartTableViewCell.swift in Sources */,
				D37B89B2240B619C00281998 /* CameraViewController.swift in Sources */,
				D3DBE3F7240B4DA800E5A29E /* AppDelegate.swift in Sources */,
				D3DBE3F9240B4DA800E5A29E /* SceneDelegate.swift in Sources */,
				D35A08122449D9D2005CC7BB /* StoreCoreDataManager.swift in Sources */,
				D34FED732439A9C8005E9BBE /* ProductsCartTableViewController.swift in Sources */,
				D38EA947243918B2003E0EF3 /* StartViewController.swift in Sources */,
				D37B89B0240B52EB00281998 /* MapViewController.swift in Sources */,
				D35A08142449DBB4005CC7BB /* ProductCoreDataManager.swift in Sources */,
				D38C1FD7244B64DC00B7A6C8 /* Reachability.swift in Sources */,
				D34FED6F24395F9B005E9BBE /* ProductTableViewCell.swift in Sources */,
				D34FED712439677C005E9BBE /* ProductsTableViewController.swift in Sources */,
				D38EA9442438FDB3003E0EF3 /* CoreDataManager.swift in Sources */,
			);
			runOnlyForDeploymentPostprocessing = 0;
		};
		D3DBE405240B4DAE00E5A29E /* Sources */ = {
			isa = PBXSourcesBuildPhase;
			buildActionMask = 2147483647;
			files = (
				D3DBE40E240B4DAE00E5A29E /* SupermarketTests.swift in Sources */,
			);
			runOnlyForDeploymentPostprocessing = 0;
		};
		D3DBE410240B4DAE00E5A29E /* Sources */ = {
			isa = PBXSourcesBuildPhase;
			buildActionMask = 2147483647;
			files = (
				D3DBE419240B4DAE00E5A29E /* SupermarketUITests.swift in Sources */,
			);
			runOnlyForDeploymentPostprocessing = 0;
		};
/* End PBXSourcesBuildPhase section */

/* Begin PBXTargetDependency section */
		D3DBE40B240B4DAE00E5A29E /* PBXTargetDependency */ = {
			isa = PBXTargetDependency;
			target = D3DBE3F2240B4DA800E5A29E /* Supermarket */;
			targetProxy = D3DBE40A240B4DAE00E5A29E /* PBXContainerItemProxy */;
		};
		D3DBE416240B4DAE00E5A29E /* PBXTargetDependency */ = {
			isa = PBXTargetDependency;
			target = D3DBE3F2240B4DA800E5A29E /* Supermarket */;
			targetProxy = D3DBE415240B4DAE00E5A29E /* PBXContainerItemProxy */;
		};
/* End PBXTargetDependency section */

/* Begin PBXVariantGroup section */
		D3DBE3FC240B4DA800E5A29E /* Main.storyboard */ = {
			isa = PBXVariantGroup;
			children = (
				D3DBE3FD240B4DA800E5A29E /* Base */,
			);
			name = Main.storyboard;
			sourceTree = "<group>";
		};
		D3DBE401240B4DAD00E5A29E /* LaunchScreen.storyboard */ = {
			isa = PBXVariantGroup;
			children = (
				D3DBE402240B4DAD00E5A29E /* Base */,
			);
			name = LaunchScreen.storyboard;
			sourceTree = "<group>";
		};
/* End PBXVariantGroup section */

/* Begin XCBuildConfiguration section */
		D3DBE41B240B4DAE00E5A29E /* Debug */ = {
			isa = XCBuildConfiguration;
			buildSettings = {
				ALWAYS_SEARCH_USER_PATHS = NO;
				CLANG_ANALYZER_NONNULL = YES;
				CLANG_ANALYZER_NUMBER_OBJECT_CONVERSION = YES_AGGRESSIVE;
				CLANG_CXX_LANGUAGE_STANDARD = "gnu++14";
				CLANG_CXX_LIBRARY = "libc++";
				CLANG_ENABLE_MODULES = YES;
				CLANG_ENABLE_OBJC_ARC = YES;
				CLANG_ENABLE_OBJC_WEAK = YES;
				CLANG_WARN_BLOCK_CAPTURE_AUTORELEASING = YES;
				CLANG_WARN_BOOL_CONVERSION = YES;
				CLANG_WARN_COMMA = YES;
				CLANG_WARN_CONSTANT_CONVERSION = YES;
				CLANG_WARN_DEPRECATED_OBJC_IMPLEMENTATIONS = YES;
				CLANG_WARN_DIRECT_OBJC_ISA_USAGE = YES_ERROR;
				CLANG_WARN_DOCUMENTATION_COMMENTS = YES;
				CLANG_WARN_EMPTY_BODY = YES;
				CLANG_WARN_ENUM_CONVERSION = YES;
				CLANG_WARN_INFINITE_RECURSION = YES;
				CLANG_WARN_INT_CONVERSION = YES;
				CLANG_WARN_NON_LITERAL_NULL_CONVERSION = YES;
				CLANG_WARN_OBJC_IMPLICIT_RETAIN_SELF = YES;
				CLANG_WARN_OBJC_LITERAL_CONVERSION = YES;
				CLANG_WARN_OBJC_ROOT_CLASS = YES_ERROR;
				CLANG_WARN_RANGE_LOOP_ANALYSIS = YES;
				CLANG_WARN_STRICT_PROTOTYPES = YES;
				CLANG_WARN_SUSPICIOUS_MOVE = YES;
				CLANG_WARN_UNGUARDED_AVAILABILITY = YES_AGGRESSIVE;
				CLANG_WARN_UNREACHABLE_CODE = YES;
				CLANG_WARN__DUPLICATE_METHOD_MATCH = YES;
				COPY_PHASE_STRIP = NO;
				DEBUG_INFORMATION_FORMAT = dwarf;
				ENABLE_STRICT_OBJC_MSGSEND = YES;
				ENABLE_TESTABILITY = YES;
				GCC_C_LANGUAGE_STANDARD = gnu11;
				GCC_DYNAMIC_NO_PIC = NO;
				GCC_NO_COMMON_BLOCKS = YES;
				GCC_OPTIMIZATION_LEVEL = 0;
				GCC_PREPROCESSOR_DEFINITIONS = (
					"DEBUG=1",
					"$(inherited)",
				);
				GCC_WARN_64_TO_32_BIT_CONVERSION = YES;
				GCC_WARN_ABOUT_RETURN_TYPE = YES_ERROR;
				GCC_WARN_UNDECLARED_SELECTOR = YES;
				GCC_WARN_UNINITIALIZED_AUTOS = YES_AGGRESSIVE;
				GCC_WARN_UNUSED_FUNCTION = YES;
				GCC_WARN_UNUSED_VARIABLE = YES;
				IPHONEOS_DEPLOYMENT_TARGET = 13.2;
				MTL_ENABLE_DEBUG_INFO = INCLUDE_SOURCE;
				MTL_FAST_MATH = YES;
				ONLY_ACTIVE_ARCH = YES;
				SDKROOT = iphoneos;
				SWIFT_ACTIVE_COMPILATION_CONDITIONS = DEBUG;
				SWIFT_OPTIMIZATION_LEVEL = "-Onone";
			};
			name = Debug;
		};
		D3DBE41C240B4DAE00E5A29E /* Release */ = {
			isa = XCBuildConfiguration;
			buildSettings = {
				ALWAYS_SEARCH_USER_PATHS = NO;
				CLANG_ANALYZER_NONNULL = YES;
				CLANG_ANALYZER_NUMBER_OBJECT_CONVERSION = YES_AGGRESSIVE;
				CLANG_CXX_LANGUAGE_STANDARD = "gnu++14";
				CLANG_CXX_LIBRARY = "libc++";
				CLANG_ENABLE_MODULES = YES;
				CLANG_ENABLE_OBJC_ARC = YES;
				CLANG_ENABLE_OBJC_WEAK = YES;
				CLANG_WARN_BLOCK_CAPTURE_AUTORELEASING = YES;
				CLANG_WARN_BOOL_CONVERSION = YES;
				CLANG_WARN_COMMA = YES;
				CLANG_WARN_CONSTANT_CONVERSION = YES;
				CLANG_WARN_DEPRECATED_OBJC_IMPLEMENTATIONS = YES;
				CLANG_WARN_DIRECT_OBJC_ISA_USAGE = YES_ERROR;
				CLANG_WARN_DOCUMENTATION_COMMENTS = YES;
				CLANG_WARN_EMPTY_BODY = YES;
				CLANG_WARN_ENUM_CONVERSION = YES;
				CLANG_WARN_INFINITE_RECURSION = YES;
				CLANG_WARN_INT_CONVERSION = YES;
				CLANG_WARN_NON_LITERAL_NULL_CONVERSION = YES;
				CLANG_WARN_OBJC_IMPLICIT_RETAIN_SELF = YES;
				CLANG_WARN_OBJC_LITERAL_CONVERSION = YES;
				CLANG_WARN_OBJC_ROOT_CLASS = YES_ERROR;
				CLANG_WARN_RANGE_LOOP_ANALYSIS = YES;
				CLANG_WARN_STRICT_PROTOTYPES = YES;
				CLANG_WARN_SUSPICIOUS_MOVE = YES;
				CLANG_WARN_UNGUARDED_AVAILABILITY = YES_AGGRESSIVE;
				CLANG_WARN_UNREACHABLE_CODE = YES;
				CLANG_WARN__DUPLICATE_METHOD_MATCH = YES;
				COPY_PHASE_STRIP = NO;
				DEBUG_INFORMATION_FORMAT = "dwarf-with-dsym";
				ENABLE_NS_ASSERTIONS = NO;
				ENABLE_STRICT_OBJC_MSGSEND = YES;
				GCC_C_LANGUAGE_STANDARD = gnu11;
				GCC_NO_COMMON_BLOCKS = YES;
				GCC_WARN_64_TO_32_BIT_CONVERSION = YES;
				GCC_WARN_ABOUT_RETURN_TYPE = YES_ERROR;
				GCC_WARN_UNDECLARED_SELECTOR = YES;
				GCC_WARN_UNINITIALIZED_AUTOS = YES_AGGRESSIVE;
				GCC_WARN_UNUSED_FUNCTION = YES;
				GCC_WARN_UNUSED_VARIABLE = YES;
				IPHONEOS_DEPLOYMENT_TARGET = 13.2;
				MTL_ENABLE_DEBUG_INFO = NO;
				MTL_FAST_MATH = YES;
				SDKROOT = iphoneos;
				SWIFT_COMPILATION_MODE = wholemodule;
				SWIFT_OPTIMIZATION_LEVEL = "-O";
				VALIDATE_PRODUCT = YES;
			};
			name = Release;
		};
		D3DBE41E240B4DAE00E5A29E /* Debug */ = {
			isa = XCBuildConfiguration;
			buildSettings = {
				ASSETCATALOG_COMPILER_APPICON_NAME = AppIcon;
				CODE_SIGN_STYLE = Automatic;
				DEVELOPMENT_TEAM = 2XH8Q9ZFM9;
				INFOPLIST_FILE = Supermarket/Info.plist;
				IPHONEOS_DEPLOYMENT_TARGET = 13.1;
				LD_RUNPATH_SEARCH_PATHS = (
					"$(inherited)",
					"@executable_path/Frameworks",
				);
				PRODUCT_BUNDLE_IDENTIFIER = Ninguna.Supermarket;
				PRODUCT_NAME = "$(TARGET_NAME)";
				SWIFT_VERSION = 5.0;
				TARGETED_DEVICE_FAMILY = "1,2";
			};
			name = Debug;
		};
		D3DBE41F240B4DAE00E5A29E /* Release */ = {
			isa = XCBuildConfiguration;
			buildSettings = {
				ASSETCATALOG_COMPILER_APPICON_NAME = AppIcon;
				CODE_SIGN_STYLE = Automatic;
				DEVELOPMENT_TEAM = 2XH8Q9ZFM9;
				INFOPLIST_FILE = Supermarket/Info.plist;
				IPHONEOS_DEPLOYMENT_TARGET = 13.1;
				LD_RUNPATH_SEARCH_PATHS = (
					"$(inherited)",
					"@executable_path/Frameworks",
				);
				PRODUCT_BUNDLE_IDENTIFIER = Ninguna.Supermarket;
				PRODUCT_NAME = "$(TARGET_NAME)";
				SWIFT_VERSION = 5.0;
				TARGETED_DEVICE_FAMILY = "1,2";
			};
			name = Release;
		};
		D3DBE421240B4DAE00E5A29E /* Debug */ = {
			isa = XCBuildConfiguration;
			buildSettings = {
				ALWAYS_EMBED_SWIFT_STANDARD_LIBRARIES = YES;
				BUNDLE_LOADER = "$(TEST_HOST)";
				CODE_SIGN_STYLE = Automatic;
				INFOPLIST_FILE = SupermarketTests/Info.plist;
				IPHONEOS_DEPLOYMENT_TARGET = 13.2;
				LD_RUNPATH_SEARCH_PATHS = (
					"$(inherited)",
					"@executable_path/Frameworks",
					"@loader_path/Frameworks",
				);
				PRODUCT_BUNDLE_IDENTIFIER = Ninguna.SupermarketTests;
				PRODUCT_NAME = "$(TARGET_NAME)";
				SWIFT_VERSION = 5.0;
				TARGETED_DEVICE_FAMILY = "1,2";
				TEST_HOST = "$(BUILT_PRODUCTS_DIR)/Supermarket.app/Supermarket";
			};
			name = Debug;
		};
		D3DBE422240B4DAE00E5A29E /* Release */ = {
			isa = XCBuildConfiguration;
			buildSettings = {
				ALWAYS_EMBED_SWIFT_STANDARD_LIBRARIES = YES;
				BUNDLE_LOADER = "$(TEST_HOST)";
				CODE_SIGN_STYLE = Automatic;
				INFOPLIST_FILE = SupermarketTests/Info.plist;
				IPHONEOS_DEPLOYMENT_TARGET = 13.2;
				LD_RUNPATH_SEARCH_PATHS = (
					"$(inherited)",
					"@executable_path/Frameworks",
					"@loader_path/Frameworks",
				);
				PRODUCT_BUNDLE_IDENTIFIER = Ninguna.SupermarketTests;
				PRODUCT_NAME = "$(TARGET_NAME)";
				SWIFT_VERSION = 5.0;
				TARGETED_DEVICE_FAMILY = "1,2";
				TEST_HOST = "$(BUILT_PRODUCTS_DIR)/Supermarket.app/Supermarket";
			};
			name = Release;
		};
		D3DBE424240B4DAE00E5A29E /* Debug */ = {
			isa = XCBuildConfiguration;
			buildSettings = {
				ALWAYS_EMBED_SWIFT_STANDARD_LIBRARIES = YES;
				CODE_SIGN_STYLE = Automatic;
				INFOPLIST_FILE = SupermarketUITests/Info.plist;
				LD_RUNPATH_SEARCH_PATHS = (
					"$(inherited)",
					"@executable_path/Frameworks",
					"@loader_path/Frameworks",
				);
				PRODUCT_BUNDLE_IDENTIFIER = Ninguna.SupermarketUITests;
				PRODUCT_NAME = "$(TARGET_NAME)";
				SWIFT_VERSION = 5.0;
				TARGETED_DEVICE_FAMILY = "1,2";
				TEST_TARGET_NAME = Supermarket;
			};
			name = Debug;
		};
		D3DBE425240B4DAE00E5A29E /* Release */ = {
			isa = XCBuildConfiguration;
			buildSettings = {
				ALWAYS_EMBED_SWIFT_STANDARD_LIBRARIES = YES;
				CODE_SIGN_STYLE = Automatic;
				INFOPLIST_FILE = SupermarketUITests/Info.plist;
				LD_RUNPATH_SEARCH_PATHS = (
					"$(inherited)",
					"@executable_path/Frameworks",
					"@loader_path/Frameworks",
				);
				PRODUCT_BUNDLE_IDENTIFIER = Ninguna.SupermarketUITests;
				PRODUCT_NAME = "$(TARGET_NAME)";
				SWIFT_VERSION = 5.0;
				TARGETED_DEVICE_FAMILY = "1,2";
				TEST_TARGET_NAME = Supermarket;
			};
			name = Release;
		};
/* End XCBuildConfiguration section */

/* Begin XCConfigurationList section */
		D3DBE3EE240B4DA800E5A29E /* Build configuration list for PBXProject "Supermarket" */ = {
			isa = XCConfigurationList;
			buildConfigurations = (
				D3DBE41B240B4DAE00E5A29E /* Debug */,
				D3DBE41C240B4DAE00E5A29E /* Release */,
			);
			defaultConfigurationIsVisible = 0;
			defaultConfigurationName = Release;
		};
		D3DBE41D240B4DAE00E5A29E /* Build configuration list for PBXNativeTarget "Supermarket" */ = {
			isa = XCConfigurationList;
			buildConfigurations = (
				D3DBE41E240B4DAE00E5A29E /* Debug */,
				D3DBE41F240B4DAE00E5A29E /* Release */,
			);
			defaultConfigurationIsVisible = 0;
			defaultConfigurationName = Release;
		};
		D3DBE420240B4DAE00E5A29E /* Build configuration list for PBXNativeTarget "SupermarketTests" */ = {
			isa = XCConfigurationList;
			buildConfigurations = (
				D3DBE421240B4DAE00E5A29E /* Debug */,
				D3DBE422240B4DAE00E5A29E /* Release */,
			);
			defaultConfigurationIsVisible = 0;
			defaultConfigurationName = Release;
		};
		D3DBE423240B4DAE00E5A29E /* Build configuration list for PBXNativeTarget "SupermarketUITests" */ = {
			isa = XCConfigurationList;
			buildConfigurations = (
				D3DBE424240B4DAE00E5A29E /* Debug */,
				D3DBE425240B4DAE00E5A29E /* Release */,
			);
			defaultConfigurationIsVisible = 0;
			defaultConfigurationName = Release;
		};
/* End XCConfigurationList section */

/* Begin XCVersionGroup section */
		D38EA9402438EA68003E0EF3 /* Supermarket.xcdatamodeld */ = {
			isa = XCVersionGroup;
			children = (
				D38EA9412438EA68003E0EF3 /* Supermarket.xcdatamodel */,
			);
			currentVersion = D38EA9412438EA68003E0EF3 /* Supermarket.xcdatamodel */;
			path = Supermarket.xcdatamodeld;
			sourceTree = "<group>";
			versionGroupType = wrapper.xcdatamodel;
		};
/* End XCVersionGroup section */
	};
	rootObject = D3DBE3EB240B4DA800E5A29E /* Project object */;
}
